{
    "hash": "7edbae2fa7ce79c900e2a73265a06459",
    "packages": [
        {
            "name": "monolog/monolog",
            "version": "1.2.1",
            "source": {
                "type": "git",
                "url": "https://github.com/Seldaek/monolog",
                "reference": "1.2.1"
            },
            "dist": {
                "type": "zip",
                "url": "https://github.com/Seldaek/monolog/zipball/1.2.1",
                "reference": "1.2.1",
                "shasum": ""
            },
            "require": {
                "php": ">=5.3.0"
            },
            "require-dev": {
                "mlehner/gelf-php": "1.0.*"
            },
            "suggest": {
                "mlehner/gelf-php": "Allow sending log messages to a GrayLog2 server",
                "ext-amqp": "Allow sending log messages to an AMQP server (1.0+ required)",
                "ext-mongo": "Allow sending log messages to a MongoDB server"
            },
            "time": "2012-08-29 04:53:20",
            "type": "library",
            "extra": {
                "branch-alias": {
                    "dev-master": "1.3.x-dev"
                }
            },
            "installation-source": "dist",
            "autoload": {
                "psr-0": {
                    "Monolog": "src/"
                }
            },
            "notification-url": "https://packagist.org/downloads/",
            "license": [
                "MIT"
            ],
            "authors": [
                {
                    "name": "Jordi Boggiano",
                    "email": "j.boggiano@seld.be",
                    "homepage": "http://seld.be",
                    "role": "Developer"
                }
            ],
            "description": "Logging for PHP 5.3",
            "homepage": "http://github.com/Seldaek/monolog",
            "keywords": [
                "log",
                "logging"
            ]
        },
        {
            "name": "pimple/pimple",
            "version": "v1.0.1",
            "source": {
                "type": "git",
                "url": "git://github.com/fabpot/Pimple.git",
                "reference": "v1.0.1"
            },
            "dist": {
                "type": "zip",
                "url": "https://github.com/fabpot/Pimple/archive/v1.0.1.zip",
                "reference": "v1.0.1",
                "shasum": ""
            },
            "require": {
                "php": ">=5.3.0"
            },
            "time": "2012-11-11 08:32:34",
            "type": "library",
            "extra": {
                "branch-alias": {
                    "dev-master": "1.0.x-dev"
                }
            },
            "installation-source": "dist",
            "autoload": {
                "psr-0": {
                    "Pimple": "lib/"
                }
            },
            "notification-url": "https://packagist.org/downloads/",
            "license": [
                "MIT"
            ],
            "authors": [
                {
                    "name": "Fabien Potencier",
                    "email": "fabien@symfony.com"
                }
            ],
            "description": "Pimple is a simple Dependency Injection Container for PHP 5.3",
            "homepage": "http://pimple.sensiolabs.org",
            "keywords": [
                "dependency injection",
                "container"
            ]
        },
        {
            "name": "videlalvaro/php-amqplib",
            "version": "dev-master",
            "source": {
                "type": "git",
                "url": "git://github.com/videlalvaro/php-amqplib.git",
                "reference": "6ce5a028496a5c68371bd571d47467c583d17154"
            },
            "dist": {
                "type": "zip",
                "url": "https://github.com/videlalvaro/php-amqplib/archive/6ce5a028496a5c68371bd571d47467c583d17154.zip",
                "reference": "6ce5a028496a5c68371bd571d47467c583d17154",
                "shasum": ""
            },
            "require": {
                "php": ">=5.3.0"
            },
            "time": "2012-12-04 15:08:38",
            "type": "library",
            "installation-source": "source",
            "autoload": {
                "psr-0": {
                    "PhpAmqpLib": ""
                }
            },
            "notification-url": "https://packagist.org/downloads/",
            "authors": [
                {
                    "name": "Alvaro Videla"
                }
            ],
            "description": "This library is a pure PHP implementation of the AMQP protocol. It's been tested against RabbitMQ.",
            "homepage": "https://github.com/videlalvaro/php-amqplib/",
            "keywords": [
                "queue",
                "rabbitmq",
                "message"
            ]
        },
        {
            "name": "zendframework/zend-config",
            "version": "2.0.6",
            "target-dir": "Zend/Config",
            "dist": {
                "type": "zip",
                "url": "http://packages.zendframework.com/composer/Zend_Config-2.0.6.zip",
                "reference": null,
                "shasum": null
            },
            "require": {
                "php": ">=5.3.3"
            },
            "type": "library",
            "installation-source": "dist",
            "autoload": {
                "psr-0": {
                    "Zend\\Config\\": ""
                }
            },
            "license": [
                "BSD-3-Clause"
            ],
            "description": "provides a nested object property based user interface for accessing this configuration data within application code",
            "homepage": "http://packages.zendframework.com/",
            "keywords": [
                "zf2",
                "config"
            ],
            "support": {
                "email": "fw-general-subscribe@lists.zend.com",
                "irc": "irc://irc.freenode.net/zftalk",
                "issues": "https://github.com/zendframework/zf2/issues",
                "source": "https://github.com/zendframework/zf2"
            }
        }
    ],
    "packages-dev": null,
    "aliases": [

    ],
    "minimum-stability": "stable",
    "stability-flags": {
        "videlalvaro/php-amqplib": 20
    }
}
